// !$*UTF8*$!
{
	archiveVersion = 1;
	classes = {
	};
	objectVersion = 46;
	objects = {

/* Begin PBXBuildFile section */
		164496751E512C48003164C3 /* AppDelegate.swift in Sources */ = {isa = PBXBuildFile; fileRef = 164496741E512C48003164C3 /* AppDelegate.swift */; };
		164496771E512C48003164C3 /* LoginViewController.swift in Sources */ = {isa = PBXBuildFile; fileRef = 164496761E512C48003164C3 /* LoginViewController.swift */; };
		1644967A1E512C48003164C3 /* Main.storyboard in Resources */ = {isa = PBXBuildFile; fileRef = 164496781E512C48003164C3 /* Main.storyboard */; };
		1644967C1E512C48003164C3 /* Assets.xcassets in Resources */ = {isa = PBXBuildFile; fileRef = 1644967B1E512C48003164C3 /* Assets.xcassets */; };
		1644967F1E512C48003164C3 /* LaunchScreen.storyboard in Resources */ = {isa = PBXBuildFile; fileRef = 1644967D1E512C48003164C3 /* LaunchScreen.storyboard */; };
		169AA32E1E6C7299008A792D /* GCDBlackBox.swift in Sources */ = {isa = PBXBuildFile; fileRef = 169AA32D1E6C7299008A792D /* GCDBlackBox.swift */; };
		169AA3321E6C8019008A792D /* BorderedButton.swift in Sources */ = {isa = PBXBuildFile; fileRef = 169AA3311E6C8019008A792D /* BorderedButton.swift */; };
		169AA3341E6C92F6008A792D /* UdacityConvenience.swift in Sources */ = {isa = PBXBuildFile; fileRef = 169AA3331E6C92F6008A792D /* UdacityConvenience.swift */; };
		169AA3361E6C9328008A792D /* UdacityConstants.swift in Sources */ = {isa = PBXBuildFile; fileRef = 169AA3351E6C9328008A792D /* UdacityConstants.swift */; };
		169AA3381E6C934B008A792D /* UdacityClient.swift in Sources */ = {isa = PBXBuildFile; fileRef = 169AA3371E6C934B008A792D /* UdacityClient.swift */; };
		169AA3411E6C9719008A792D /* ParseAuthViewController.swift in Sources */ = {isa = PBXBuildFile; fileRef = 169AA3401E6C9719008A792D /* ParseAuthViewController.swift */; };
		169AA3431E6C9728008A792D /* ParseClient.swift in Sources */ = {isa = PBXBuildFile; fileRef = 169AA3421E6C9728008A792D /* ParseClient.swift */; };
		169AA3451E6C9732008A792D /* ParseConfig.swift in Sources */ = {isa = PBXBuildFile; fileRef = 169AA3441E6C9732008A792D /* ParseConfig.swift */; };
		169AA3471E6C9740008A792D /* ParseConstants.swift in Sources */ = {isa = PBXBuildFile; fileRef = 169AA3461E6C9740008A792D /* ParseConstants.swift */; };
		169AA3491E6C974F008A792D /* ParseConvenience.swift in Sources */ = {isa = PBXBuildFile; fileRef = 169AA3481E6C974F008A792D /* ParseConvenience.swift */; };
		169AA34B1E6C9756008A792D /* ParseMovie.swift in Sources */ = {isa = PBXBuildFile; fileRef = 169AA34A1E6C9756008A792D /* ParseMovie.swift */; };
		169AA34D1E6CA036008A792D /* ClientHelpers.swift in Sources */ = {isa = PBXBuildFile; fileRef = 169AA34C1E6CA036008A792D /* ClientHelpers.swift */; };
		169AA34F1E6CA9ED008A792D /* UdacityUser.swift in Sources */ = {isa = PBXBuildFile; fileRef = 169AA34E1E6CA9ED008A792D /* UdacityUser.swift */; };
		169AA3511E6CAAED008A792D /* Constants.swift in Sources */ = {isa = PBXBuildFile; fileRef = 169AA3501E6CAAED008A792D /* Constants.swift */; };
/* End PBXBuildFile section */

/* Begin PBXFileReference section */
		164496711E512C48003164C3 /* OnTheMap.app */ = {isa = PBXFileReference; explicitFileType = wrapper.application; includeInIndex = 0; path = OnTheMap.app; sourceTree = BUILT_PRODUCTS_DIR; };
		164496741E512C48003164C3 /* AppDelegate.swift */ = {isa = PBXFileReference; lastKnownFileType = sourcecode.swift; path = AppDelegate.swift; sourceTree = "<group>"; };
		164496761E512C48003164C3 /* LoginViewController.swift */ = {isa = PBXFileReference; lastKnownFileType = sourcecode.swift; path = LoginViewController.swift; sourceTree = "<group>"; };
		164496791E512C48003164C3 /* Base */ = {isa = PBXFileReference; lastKnownFileType = file.storyboard; name = Base; path = Base.lproj/Main.storyboard; sourceTree = "<group>"; };
		1644967B1E512C48003164C3 /* Assets.xcassets */ = {isa = PBXFileReference; lastKnownFileType = folder.assetcatalog; path = Assets.xcassets; sourceTree = "<group>"; };
		1644967E1E512C48003164C3 /* Base */ = {isa = PBXFileReference; lastKnownFileType = file.storyboard; name = Base; path = Base.lproj/LaunchScreen.storyboard; sourceTree = "<group>"; };
		164496801E512C48003164C3 /* Info.plist */ = {isa = PBXFileReference; lastKnownFileType = text.plist.xml; path = Info.plist; sourceTree = "<group>"; };
		169AA32D1E6C7299008A792D /* GCDBlackBox.swift */ = {isa = PBXFileReference; fileEncoding = 4; lastKnownFileType = sourcecode.swift; path = GCDBlackBox.swift; sourceTree = "<group>"; };
		169AA3311E6C8019008A792D /* BorderedButton.swift */ = {isa = PBXFileReference; fileEncoding = 4; lastKnownFileType = sourcecode.swift; path = BorderedButton.swift; sourceTree = "<group>"; };
		169AA3331E6C92F6008A792D /* UdacityConvenience.swift */ = {isa = PBXFileReference; fileEncoding = 4; lastKnownFileType = sourcecode.swift; path = UdacityConvenience.swift; sourceTree = "<group>"; };
		169AA3351E6C9328008A792D /* UdacityConstants.swift */ = {isa = PBXFileReference; fileEncoding = 4; lastKnownFileType = sourcecode.swift; path = UdacityConstants.swift; sourceTree = "<group>"; };
		169AA3371E6C934B008A792D /* UdacityClient.swift */ = {isa = PBXFileReference; fileEncoding = 4; lastKnownFileType = sourcecode.swift; path = UdacityClient.swift; sourceTree = "<group>"; };
		169AA3401E6C9719008A792D /* ParseAuthViewController.swift */ = {isa = PBXFileReference; fileEncoding = 4; lastKnownFileType = sourcecode.swift; path = ParseAuthViewController.swift; sourceTree = "<group>"; };
		169AA3421E6C9728008A792D /* ParseClient.swift */ = {isa = PBXFileReference; fileEncoding = 4; lastKnownFileType = sourcecode.swift; path = ParseClient.swift; sourceTree = "<group>"; };
		169AA3441E6C9732008A792D /* ParseConfig.swift */ = {isa = PBXFileReference; fileEncoding = 4; lastKnownFileType = sourcecode.swift; path = ParseConfig.swift; sourceTree = "<group>"; };
		169AA3461E6C9740008A792D /* ParseConstants.swift */ = {isa = PBXFileReference; fileEncoding = 4; lastKnownFileType = sourcecode.swift; path = ParseConstants.swift; sourceTree = "<group>"; };
		169AA3481E6C974F008A792D /* ParseConvenience.swift */ = {isa = PBXFileReference; fileEncoding = 4; lastKnownFileType = sourcecode.swift; path = ParseConvenience.swift; sourceTree = "<group>"; };
		169AA34A1E6C9756008A792D /* ParseMovie.swift */ = {isa = PBXFileReference; fileEncoding = 4; lastKnownFileType = sourcecode.swift; path = ParseMovie.swift; sourceTree = "<group>"; };
		169AA34C1E6CA036008A792D /* ClientHelpers.swift */ = {isa = PBXFileReference; fileEncoding = 4; lastKnownFileType = sourcecode.swift; path = ClientHelpers.swift; sourceTree = "<group>"; };
		169AA34E1E6CA9ED008A792D /* UdacityUser.swift */ = {isa = PBXFileReference; fileEncoding = 4; lastKnownFileType = sourcecode.swift; path = UdacityUser.swift; sourceTree = "<group>"; };
		169AA3501E6CAAED008A792D /* Constants.swift */ = {isa = PBXFileReference; fileEncoding = 4; lastKnownFileType = sourcecode.swift; path = Constants.swift; sourceTree = "<group>"; };
		169AA35C1E6CD281008A792D /* SystemConfiguration.framework */ = {isa = PBXFileReference; lastKnownFileType = wrapper.framework; name = SystemConfiguration.framework; path = System/Library/Frameworks/SystemConfiguration.framework; sourceTree = SDKROOT; };
/* End PBXFileReference section */

/* Begin PBXFrameworksBuildPhase section */
		1644966E1E512C48003164C3 /* Frameworks */ = {
			isa = PBXFrameworksBuildPhase;
			buildActionMask = 2147483647;
			files = (
			);
			runOnlyForDeploymentPostprocessing = 0;
		};
/* End PBXFrameworksBuildPhase section */

/* Begin PBXGroup section */
		164496681E512C48003164C3 = {
			isa = PBXGroup;
			children = (
				164496731E512C48003164C3 /* OnTheMap */,
				164496721E512C48003164C3 /* Products */,
				169AA35B1E6CD281008A792D /* Frameworks */,
			);
			sourceTree = "<group>";
		};
		164496721E512C48003164C3 /* Products */ = {
			isa = PBXGroup;
			children = (
				164496711E512C48003164C3 /* OnTheMap.app */,
			);
			name = Products;
			sourceTree = "<group>";
		};
		164496731E512C48003164C3 /* OnTheMap */ = {
			isa = PBXGroup;
			children = (
				164496741E512C48003164C3 /* AppDelegate.swift */,
				169AA3501E6CAAED008A792D /* Constants.swift */,
				169AA32D1E6C7299008A792D /* GCDBlackBox.swift */,
				169AA3281E6C7253008A792D /* Model */,
				169AA3291E6C7259008A792D /* View */,
				169AA32A1E6C725D008A792D /* Controller */,
				169AA32F1E6C72A8008A792D /* Assets */,
				169AA3301E6C72B9008A792D /* Supporting Files */,
			);
			path = OnTheMap;
			sourceTree = "<group>";
		};
		169AA3281E6C7253008A792D /* Model */ = {
			isa = PBXGroup;
			children = (
				169AA32B1E6C7273008A792D /* Clients */,
			);
			name = Model;
			sourceTree = "<group>";
		};
		169AA3291E6C7259008A792D /* View */ = {
			isa = PBXGroup;
			children = (
				169AA3311E6C8019008A792D /* BorderedButton.swift */,
			);
			name = View;
			sourceTree = "<group>";
		};
		169AA32A1E6C725D008A792D /* Controller */ = {
			isa = PBXGroup;
			children = (
				164496761E512C48003164C3 /* LoginViewController.swift */,
			);
			name = Controller;
			sourceTree = "<group>";
		};
		169AA32B1E6C7273008A792D /* Clients */ = {
			isa = PBXGroup;
			children = (
				169AA33F1E6C96E9008A792D /* Parse */,
				169AA32C1E6C7278008A792D /* Udacity */,
				169AA34C1E6CA036008A792D /* ClientHelpers.swift */,
			);
			name = Clients;
			sourceTree = "<group>";
		};
		169AA32C1E6C7278008A792D /* Udacity */ = {
			isa = PBXGroup;
			children = (
				169AA3371E6C934B008A792D /* UdacityClient.swift */,
				169AA3351E6C9328008A792D /* UdacityConstants.swift */,
				169AA3331E6C92F6008A792D /* UdacityConvenience.swift */,
				169AA34E1E6CA9ED008A792D /* UdacityUser.swift */,
			);
			name = Udacity;
			sourceTree = "<group>";
		};
		169AA32F1E6C72A8008A792D /* Assets */ = {
			isa = PBXGroup;
			children = (
				1644967D1E512C48003164C3 /* LaunchScreen.storyboard */,
				1644967B1E512C48003164C3 /* Assets.xcassets */,
				164496781E512C48003164C3 /* Main.storyboard */,
			);
			name = Assets;
			sourceTree = "<group>";
		};
		169AA3301E6C72B9008A792D /* Supporting Files */ = {
			isa = PBXGroup;
			children = (
				164496801E512C48003164C3 /* Info.plist */,
			);
			name = "Supporting Files";
			sourceTree = "<group>";
		};
		169AA33F1E6C96E9008A792D /* Parse */ = {
			isa = PBXGroup;
			children = (
				169AA3401E6C9719008A792D /* ParseAuthViewController.swift */,
				169AA3421E6C9728008A792D /* ParseClient.swift */,
				169AA3441E6C9732008A792D /* ParseConfig.swift */,
				169AA3461E6C9740008A792D /* ParseConstants.swift */,
				169AA3481E6C974F008A792D /* ParseConvenience.swift */,
				169AA34A1E6C9756008A792D /* ParseMovie.swift */,
			);
			name = Parse;
			sourceTree = "<group>";
		};
		169AA35B1E6CD281008A792D /* Frameworks */ = {
			isa = PBXGroup;
			children = (
				169AA35C1E6CD281008A792D /* SystemConfiguration.framework */,
			);
			name = Frameworks;
			sourceTree = "<group>";
		};
/* End PBXGroup section */

/* Begin PBXNativeTarget section */
		164496701E512C48003164C3 /* OnTheMap */ = {
			isa = PBXNativeTarget;
			buildConfigurationList = 164496831E512C48003164C3 /* Build configuration list for PBXNativeTarget "OnTheMap" */;
			buildPhases = (
				1644966D1E512C48003164C3 /* Sources */,
				1644966E1E512C48003164C3 /* Frameworks */,
				1644966F1E512C48003164C3 /* Resources */,
			);
			buildRules = (
			);
			dependencies = (
			);
			name = OnTheMap;
			productName = OnTheMap;
			productReference = 164496711E512C48003164C3 /* OnTheMap.app */;
			productType = "com.apple.product-type.application";
		};
/* End PBXNativeTarget section */

/* Begin PBXProject section */
		164496691E512C48003164C3 /* Project object */ = {
			isa = PBXProject;
			attributes = {
				LastSwiftUpdateCheck = 0820;
				LastUpgradeCheck = 0820;
				ORGANIZATIONNAME = "Jacob Marttinen";
				TargetAttributes = {
					164496701E512C48003164C3 = {
						CreatedOnToolsVersion = 8.2.1;
						DevelopmentTeam = 4CSQ7K6KUF;
						LastSwiftMigration = 0820;
						ProvisioningStyle = Automatic;
					};
				};
			};
			buildConfigurationList = 1644966C1E512C48003164C3 /* Build configuration list for PBXProject "OnTheMap" */;
			compatibilityVersion = "Xcode 3.2";
			developmentRegion = English;
			hasScannedForEncodings = 0;
			knownRegions = (
				en,
				Base,
			);
			mainGroup = 164496681E512C48003164C3;
			productRefGroup = 164496721E512C48003164C3 /* Products */;
			projectDirPath = "";
			projectRoot = "";
			targets = (
				164496701E512C48003164C3 /* OnTheMap */,
			);
		};
/* End PBXProject section */

/* Begin PBXResourcesBuildPhase section */
		1644966F1E512C48003164C3 /* Resources */ = {
			isa = PBXResourcesBuildPhase;
			buildActionMask = 2147483647;
			files = (
				1644967F1E512C48003164C3 /* LaunchScreen.storyboard in Resources */,
				1644967C1E512C48003164C3 /* Assets.xcassets in Resources */,
				1644967A1E512C48003164C3 /* Main.storyboard in Resources */,
			);
			runOnlyForDeploymentPostprocessing = 0;
		};
/* End PBXResourcesBuildPhase section */

/* Begin PBXSourcesBuildPhase section */
		1644966D1E512C48003164C3 /* Sources */ = {
			isa = PBXSourcesBuildPhase;
			buildActionMask = 2147483647;
			files = (
				169AA34D1E6CA036008A792D /* ClientHelpers.swift in Sources */,
				164496771E512C48003164C3 /* LoginViewController.swift in Sources */,
				169AA32E1E6C7299008A792D /* GCDBlackBox.swift in Sources */,
				169AA3451E6C9732008A792D /* ParseConfig.swift in Sources */,
				169AA3321E6C8019008A792D /* BorderedButton.swift in Sources */,
				169AA3341E6C92F6008A792D /* UdacityConvenience.swift in Sources */,
				169AA34F1E6CA9ED008A792D /* UdacityUser.swift in Sources */,
				169AA3511E6CAAED008A792D /* Constants.swift in Sources */,
				169AA34B1E6C9756008A792D /* ParseMovie.swift in Sources */,
				164496751E512C48003164C3 /* AppDelegate.swift in Sources */,
				169AA3431E6C9728008A792D /* ParseClient.swift in Sources */,
				169AA3381E6C934B008A792D /* UdacityClient.swift in Sources */,
				169AA3411E6C9719008A792D /* ParseAuthViewController.swift in Sources */,
				169AA3491E6C974F008A792D /* ParseConvenience.swift in Sources */,
				169AA3361E6C9328008A792D /* UdacityConstants.swift in Sources */,
				169AA3471E6C9740008A792D /* ParseConstants.swift in Sources */,
			);
			runOnlyForDeploymentPostprocessing = 0;
		};
/* End PBXSourcesBuildPhase section */

/* Begin PBXVariantGroup section */
		164496781E512C48003164C3 /* Main.storyboard */ = {
			isa = PBXVariantGroup;
			children = (
				164496791E512C48003164C3 /* Base */,
			);
			name = Main.storyboard;
			sourceTree = "<group>";
		};
		1644967D1E512C48003164C3 /* LaunchScreen.storyboard */ = {
			isa = PBXVariantGroup;
			children = (
				1644967E1E512C48003164C3 /* Base */,
			);
			name = LaunchScreen.storyboard;
			sourceTree = "<group>";
		};
/* End PBXVariantGroup section */

/* Begin XCBuildConfiguration section */
		164496811E512C48003164C3 /* Debug */ = {
			isa = XCBuildConfiguration;
			buildSettings = {
				ALWAYS_SEARCH_USER_PATHS = NO;
				CLANG_ANALYZER_NONNULL = YES;
				CLANG_CXX_LANGUAGE_STANDARD = "gnu++0x";
				CLANG_CXX_LIBRARY = "libc++";
				CLANG_ENABLE_MODULES = YES;
				CLANG_ENABLE_OBJC_ARC = YES;
				CLANG_WARN_BOOL_CONVERSION = YES;
				CLANG_WARN_CONSTANT_CONVERSION = YES;
				CLANG_WARN_DIRECT_OBJC_ISA_USAGE = YES_ERROR;
				CLANG_WARN_DOCUMENTATION_COMMENTS = YES;
				CLANG_WARN_EMPTY_BODY = YES;
				CLANG_WARN_ENUM_CONVERSION = YES;
				CLANG_WARN_INFINITE_RECURSION = YES;
				CLANG_WARN_INT_CONVERSION = YES;
				CLANG_WARN_OBJC_ROOT_CLASS = YES_ERROR;
				CLANG_WARN_SUSPICIOUS_MOVE = YES;
				CLANG_WARN_UNREACHABLE_CODE = YES;
				CLANG_WARN__DUPLICATE_METHOD_MATCH = YES;
				"CODE_SIGN_IDENTITY[sdk=iphoneos*]" = "iPhone Developer";
				COPY_PHASE_STRIP = NO;
				DEBUG_INFORMATION_FORMAT = dwarf;
				ENABLE_STRICT_OBJC_MSGSEND = YES;
				ENABLE_TESTABILITY = YES;
				GCC_C_LANGUAGE_STANDARD = gnu99;
				GCC_DYNAMIC_NO_PIC = NO;
				GCC_NO_COMMON_BLOCKS = YES;
				GCC_OPTIMIZATION_LEVEL = 0;
				GCC_PREPROCESSOR_DEFINITIONS = (
					"DEBUG=1",
					"$(inherited)",
				);
				GCC_WARN_64_TO_32_BIT_CONVERSION = YES;
				GCC_WARN_ABOUT_RETURN_TYPE = YES_ERROR;
				GCC_WARN_UNDECLARED_SELECTOR = YES;
				GCC_WARN_UNINITIALIZED_AUTOS = YES_AGGRESSIVE;
				GCC_WARN_UNUSED_FUNCTION = YES;
				GCC_WARN_UNUSED_VARIABLE = YES;
				IPHONEOS_DEPLOYMENT_TARGET = 10.2;
				MTL_ENABLE_DEBUG_INFO = YES;
				ONLY_ACTIVE_ARCH = YES;
				SDKROOT = iphoneos;
				SWIFT_ACTIVE_COMPILATION_CONDITIONS = DEBUG;
				SWIFT_OPTIMIZATION_LEVEL = "-Onone";
			};
			name = Debug;
		};
		164496821E512C48003164C3 /* Release */ = {
			isa = XCBuildConfiguration;
			buildSettings = {
				ALWAYS_SEARCH_USER_PATHS = NO;
				CLANG_ANALYZER_NONNULL = YES;
				CLANG_CXX_LANGUAGE_STANDARD = "gnu++0x";
				CLANG_CXX_LIBRARY = "libc++";
				CLANG_ENABLE_MODULES = YES;
				CLANG_ENABLE_OBJC_ARC = YES;
				CLANG_WARN_BOOL_CONVERSION = YES;
				CLANG_WARN_CONSTANT_CONVERSION = YES;
				CLANG_WARN_DIRECT_OBJC_ISA_USAGE = YES_ERROR;
				CLANG_WARN_DOCUMENTATION_COMMENTS = YES;
				CLANG_WARN_EMPTY_BODY = YES;
				CLANG_WARN_ENUM_CONVERSION = YES;
				CLANG_WARN_INFINITE_RECURSION = YES;
				CLANG_WARN_INT_CONVERSION = YES;
				CLANG_WARN_OBJC_ROOT_CLASS = YES_ERROR;
				CLANG_WARN_SUSPICIOUS_MOVE = YES;
				CLANG_WARN_UNREACHABLE_CODE = YES;
				CLANG_WARN__DUPLICATE_METHOD_MATCH = YES;
				"CODE_SIGN_IDENTITY[sdk=iphoneos*]" = "iPhone Developer";
				COPY_PHASE_STRIP = NO;
				DEBUG_INFORMATION_FORMAT = "dwarf-with-dsym";
				ENABLE_NS_ASSERTIONS = NO;
				ENABLE_STRICT_OBJC_MSGSEND = YES;
				GCC_C_LANGUAGE_STANDARD = gnu99;
				GCC_NO_COMMON_BLOCKS = YES;
				GCC_WARN_64_TO_32_BIT_CONVERSION = YES;
				GCC_WARN_ABOUT_RETURN_TYPE = YES_ERROR;
				GCC_WARN_UNDECLARED_SELECTOR = YES;
				GCC_WARN_UNINITIALIZED_AUTOS = YES_AGGRESSIVE;
				GCC_WARN_UNUSED_FUNCTION = YES;
				GCC_WARN_UNUSED_VARIABLE = YES;
				IPHONEOS_DEPLOYMENT_TARGET = 10.2;
				MTL_ENABLE_DEBUG_INFO = NO;
				SDKROOT = iphoneos;
				SWIFT_OPTIMIZATION_LEVEL = "-Owholemodule";
				VALIDATE_PRODUCT = YES;
			};
			name = Release;
		};
		164496841E512C48003164C3 /* Debug */ = {
			isa = XCBuildConfiguration;
			buildSettings = {
				ASSETCATALOG_COMPILER_APPICON_NAME = AppIcon;
				CLANG_ENABLE_MODULES = YES;
				DEVELOPMENT_TEAM = 4CSQ7K6KUF;
				INFOPLIST_FILE = OnTheMap/Info.plist;
				LD_RUNPATH_SEARCH_PATHS = "$(inherited) @executable_path/Frameworks";
				PRODUCT_BUNDLE_IDENTIFIER = com.marttinen.OnTheMap;
				PRODUCT_NAME = "$(TARGET_NAME)";
				SWIFT_OPTIMIZATION_LEVEL = "-Onone";
				SWIFT_VERSION = 3.0;
			};
			name = Debug;
		};
		164496851E512C48003164C3 /* Release */ = {
			isa = XCBuildConfiguration;
			buildSettings = {
				ASSETCATALOG_COMPILER_APPICON_NAME = AppIcon;
				CLANG_ENABLE_MODULES = YES;
				DEVELOPMENT_TEAM = 4CSQ7K6KUF;
				INFOPLIST_FILE = OnTheMap/Info.plist;
				LD_RUNPATH_SEARCH_PATHS = "$(inherited) @executable_path/Frameworks";
				PRODUCT_BUNDLE_IDENTIFIER = com.marttinen.OnTheMap;
				PRODUCT_NAME = "$(TARGET_NAME)";
				SWIFT_VERSION = 3.0;
			};
			name = Release;
		};
/* End XCBuildConfiguration section */

/* Begin XCConfigurationList section */
		1644966C1E512C48003164C3 /* Build configuration list for PBXProject "OnTheMap" */ = {
			isa = XCConfigurationList;
			buildConfigurations = (
				164496811E512C48003164C3 /* Debug */,
				164496821E512C48003164C3 /* Release */,
			);
			defaultConfigurationIsVisible = 0;
			defaultConfigurationName = Release;
		};
		164496831E512C48003164C3 /* Build configuration list for PBXNativeTarget "OnTheMap" */ = {
			isa = XCConfigurationList;
			buildConfigurations = (
				164496841E512C48003164C3 /* Debug */,
				164496851E512C48003164C3 /* Release */,
			);
			defaultConfigurationIsVisible = 0;
			defaultConfigurationName = Release;
		};
/* End XCConfigurationList section */
	};
	rootObject = 164496691E512C48003164C3 /* Project object */;
}
